// !$*UTF8*$!
{
	archiveVersion = 1;
	classes = {
	};
	objectVersion = 55;
	objects = {

/* Begin PBXBuildFile section */
		AC1E88252782E90C00058206 /* AppDelegate.swift in Sources */ = {isa = PBXBuildFile; fileRef = AC1E88242782E90C00058206 /* AppDelegate.swift */; };
		AC1E88272782E90C00058206 /* SceneDelegate.swift in Sources */ = {isa = PBXBuildFile; fileRef = AC1E88262782E90C00058206 /* SceneDelegate.swift */; };
		AC1E882C2782E90C00058206 /* Main.storyboard in Resources */ = {isa = PBXBuildFile; fileRef = AC1E882A2782E90C00058206 /* Main.storyboard */; };
		AC1E882E2782E90D00058206 /* Assets.xcassets in Resources */ = {isa = PBXBuildFile; fileRef = AC1E882D2782E90D00058206 /* Assets.xcassets */; };
		AC1E88312782E90D00058206 /* LaunchScreen.storyboard in Resources */ = {isa = PBXBuildFile; fileRef = AC1E882F2782E90D00058206 /* LaunchScreen.storyboard */; };
		AC1E883B2783040600058206 /* MenuTableViewCell.swift in Sources */ = {isa = PBXBuildFile; fileRef = AC1E883A2783040600058206 /* MenuTableViewCell.swift */; };
		AC1E883D27830CC200058206 /* MenuResponseModels.swift in Sources */ = {isa = PBXBuildFile; fileRef = AC1E883C27830CC200058206 /* MenuResponseModels.swift */; };
		AC1E883F27830F9100058206 /* MenuController.swift in Sources */ = {isa = PBXBuildFile; fileRef = AC1E883E27830F9100058206 /* MenuController.swift */; };
		AC1E884127848E7D00058206 /* OptionsTableViewCell.swift in Sources */ = {isa = PBXBuildFile; fileRef = AC1E884027848E7D00058206 /* OptionsTableViewCell.swift */; };
		AC1E884327848E9800058206 /* OptionsViewController.swift in Sources */ = {isa = PBXBuildFile; fileRef = AC1E884227848E9800058206 /* OptionsViewController.swift */; };
		AC1E88452788A90700058206 /* ListController.swift in Sources */ = {isa = PBXBuildFile; fileRef = AC1E88442788A90700058206 /* ListController.swift */; };
		AC1E88472788AFF800058206 /* ListResponsesModels.swift in Sources */ = {isa = PBXBuildFile; fileRef = AC1E88462788AFF800058206 /* ListResponsesModels.swift */; };
		AC1E884E2789FE5C00058206 /* ListTableViewController.swift in Sources */ = {isa = PBXBuildFile; fileRef = AC1E884D2789FE5C00058206 /* ListTableViewController.swift */; };
		AC1E8850278AC57100058206 /* ListTableViewCell.swift in Sources */ = {isa = PBXBuildFile; fileRef = AC1E884F278AC57100058206 /* ListTableViewCell.swift */; };
		ACB5732627A1BE8F00FCB998 /* ListViewController.swift in Sources */ = {isa = PBXBuildFile; fileRef = ACB5732527A1BE8F00FCB998 /* ListViewController.swift */; };
		ACB5732A27A90E1600FCB998 /* MenuViewController.swift in Sources */ = {isa = PBXBuildFile; fileRef = ACB5732927A90E1600FCB998 /* MenuViewController.swift */; };
		ACB5732E27ABF63900FCB998 /* ChangeListViewController.swift in Sources */ = {isa = PBXBuildFile; fileRef = ACB5732D27ABF63900FCB998 /* ChangeListViewController.swift */; };
		ACB5733227AEE5F500FCB998 /* ChangeListController.swift in Sources */ = {isa = PBXBuildFile; fileRef = ACB5733127AEE5F500FCB998 /* ChangeListController.swift */; };
		ACB5733427AEE7F000FCB998 /* OptionsResultModels.swift in Sources */ = {isa = PBXBuildFile; fileRef = ACB5733327AEE7F000FCB998 /* OptionsResultModels.swift */; };
		ACB5733627AEE81F00FCB998 /* OptionsController.swift in Sources */ = {isa = PBXBuildFile; fileRef = ACB5733527AEE81F00FCB998 /* OptionsController.swift */; };
		ACB5733A27B2950400FCB998 /* SweetTableViewCell.swift in Sources */ = {isa = PBXBuildFile; fileRef = ACB5733927B2950400FCB998 /* SweetTableViewCell.swift */; };
/* End PBXBuildFile section */

/* Begin PBXFileReference section */
		AC1E88212782E90C00058206 /* DrinkAPP.app */ = {isa = PBXFileReference; explicitFileType = wrapper.application; includeInIndex = 0; path = DrinkAPP.app; sourceTree = BUILT_PRODUCTS_DIR; };
		AC1E88242782E90C00058206 /* AppDelegate.swift */ = {isa = PBXFileReference; lastKnownFileType = sourcecode.swift; path = AppDelegate.swift; sourceTree = "<group>"; };
		AC1E88262782E90C00058206 /* SceneDelegate.swift */ = {isa = PBXFileReference; lastKnownFileType = sourcecode.swift; path = SceneDelegate.swift; sourceTree = "<group>"; };
		AC1E882B2782E90C00058206 /* Base */ = {isa = PBXFileReference; lastKnownFileType = file.storyboard; name = Base; path = Base.lproj/Main.storyboard; sourceTree = "<group>"; };
		AC1E882D2782E90D00058206 /* Assets.xcassets */ = {isa = PBXFileReference; lastKnownFileType = folder.assetcatalog; path = Assets.xcassets; sourceTree = "<group>"; };
		AC1E88302782E90D00058206 /* Base */ = {isa = PBXFileReference; lastKnownFileType = file.storyboard; name = Base; path = Base.lproj/LaunchScreen.storyboard; sourceTree = "<group>"; };
		AC1E88322782E90D00058206 /* Info.plist */ = {isa = PBXFileReference; lastKnownFileType = text.plist.xml; path = Info.plist; sourceTree = "<group>"; };
		AC1E883A2783040600058206 /* MenuTableViewCell.swift */ = {isa = PBXFileReference; lastKnownFileType = sourcecode.swift; path = MenuTableViewCell.swift; sourceTree = "<group>"; };
		AC1E883C27830CC200058206 /* MenuResponseModels.swift */ = {isa = PBXFileReference; lastKnownFileType = sourcecode.swift; path = MenuResponseModels.swift; sourceTree = "<group>"; };
		AC1E883E27830F9100058206 /* MenuController.swift */ = {isa = PBXFileReference; lastKnownFileType = sourcecode.swift; path = MenuController.swift; sourceTree = "<group>"; };
		AC1E884027848E7D00058206 /* OptionsTableViewCell.swift */ = {isa = PBXFileReference; lastKnownFileType = sourcecode.swift; path = OptionsTableViewCell.swift; sourceTree = "<group>"; };
		AC1E884227848E9800058206 /* OptionsViewController.swift */ = {isa = PBXFileReference; lastKnownFileType = sourcecode.swift; path = OptionsViewController.swift; sourceTree = "<group>"; };
		AC1E88442788A90700058206 /* ListController.swift */ = {isa = PBXFileReference; lastKnownFileType = sourcecode.swift; path = ListController.swift; sourceTree = "<group>"; };
		AC1E88462788AFF800058206 /* ListResponsesModels.swift */ = {isa = PBXFileReference; lastKnownFileType = sourcecode.swift; path = ListResponsesModels.swift; sourceTree = "<group>"; };
		AC1E884D2789FE5C00058206 /* ListTableViewController.swift */ = {isa = PBXFileReference; lastKnownFileType = sourcecode.swift; path = ListTableViewController.swift; sourceTree = "<group>"; };
		AC1E884F278AC57100058206 /* ListTableViewCell.swift */ = {isa = PBXFileReference; lastKnownFileType = sourcecode.swift; path = ListTableViewCell.swift; sourceTree = "<group>"; };
		ACB5732527A1BE8F00FCB998 /* ListViewController.swift */ = {isa = PBXFileReference; lastKnownFileType = sourcecode.swift; path = ListViewController.swift; sourceTree = "<group>"; };
		ACB5732927A90E1600FCB998 /* MenuViewController.swift */ = {isa = PBXFileReference; lastKnownFileType = sourcecode.swift; path = MenuViewController.swift; sourceTree = "<group>"; };
		ACB5732D27ABF63900FCB998 /* ChangeListViewController.swift */ = {isa = PBXFileReference; lastKnownFileType = sourcecode.swift; path = ChangeListViewController.swift; sourceTree = "<group>"; };
		ACB5733127AEE5F500FCB998 /* ChangeListController.swift */ = {isa = PBXFileReference; lastKnownFileType = sourcecode.swift; path = ChangeListController.swift; sourceTree = "<group>"; };
		ACB5733327AEE7F000FCB998 /* OptionsResultModels.swift */ = {isa = PBXFileReference; lastKnownFileType = sourcecode.swift; path = OptionsResultModels.swift; sourceTree = "<group>"; };
		ACB5733527AEE81F00FCB998 /* OptionsController.swift */ = {isa = PBXFileReference; lastKnownFileType = sourcecode.swift; path = OptionsController.swift; sourceTree = "<group>"; };
		ACB5733927B2950400FCB998 /* SweetTableViewCell.swift */ = {isa = PBXFileReference; lastKnownFileType = sourcecode.swift; path = SweetTableViewCell.swift; sourceTree = "<group>"; };
/* End PBXFileReference section */

/* Begin PBXFrameworksBuildPhase section */
		AC1E881E2782E90C00058206 /* Frameworks */ = {
			isa = PBXFrameworksBuildPhase;
			buildActionMask = 2147483647;
			files = (
			);
			runOnlyForDeploymentPostprocessing = 0;
		};
/* End PBXFrameworksBuildPhase section */

/* Begin PBXGroup section */
		AC1E88182782E90C00058206 = {
			isa = PBXGroup;
			children = (
				AC1E88232782E90C00058206 /* DrinkAPP */,
				AC1E88222782E90C00058206 /* Products */,
			);
			sourceTree = "<group>";
		};
		AC1E88222782E90C00058206 /* Products */ = {
			isa = PBXGroup;
			children = (
				AC1E88212782E90C00058206 /* DrinkAPP.app */,
			);
			name = Products;
			sourceTree = "<group>";
		};
		AC1E88232782E90C00058206 /* DrinkAPP */ = {
			isa = PBXGroup;
			children = (
				AC1E88482788B00B00058206 /* Menu */,
				AC1E884A2788B06900058206 /* List */,
				AC1E88492788B04B00058206 /* Options */,
				AC1E88242782E90C00058206 /* AppDelegate.swift */,
				AC1E88262782E90C00058206 /* SceneDelegate.swift */,
				AC1E882A2782E90C00058206 /* Main.storyboard */,
				AC1E882D2782E90D00058206 /* Assets.xcassets */,
				AC1E882F2782E90D00058206 /* LaunchScreen.storyboard */,
				AC1E88322782E90D00058206 /* Info.plist */,
				AC1E884D2789FE5C00058206 /* ListTableViewController.swift */,
				ACB5733927B2950400FCB998 /* SweetTableViewCell.swift */,
			);
			path = DrinkAPP;
			sourceTree = "<group>";
		};
		AC1E88482788B00B00058206 /* Menu */ = {
			isa = PBXGroup;
			children = (
				ACB5732927A90E1600FCB998 /* MenuViewController.swift */,
				AC1E883A2783040600058206 /* MenuTableViewCell.swift */,
				AC1E883C27830CC200058206 /* MenuResponseModels.swift */,
				AC1E883E27830F9100058206 /* MenuController.swift */,
			);
			path = Menu;
			sourceTree = "<group>";
		};
		AC1E88492788B04B00058206 /* Options */ = {
			isa = PBXGroup;
			children = (
				AC1E884227848E9800058206 /* OptionsViewController.swift */,
				AC1E884027848E7D00058206 /* OptionsTableViewCell.swift */,
				ACB5733327AEE7F000FCB998 /* OptionsResultModels.swift */,
				ACB5733527AEE81F00FCB998 /* OptionsController.swift */,
			);
			path = Options;
			sourceTree = "<group>";
		};
		AC1E884A2788B06900058206 /* List */ = {
			isa = PBXGroup;
			children = (
				ACB5732527A1BE8F00FCB998 /* ListViewController.swift */,
				AC1E884F278AC57100058206 /* ListTableViewCell.swift */,
				AC1E88462788AFF800058206 /* ListResponsesModels.swift */,
				AC1E88442788A90700058206 /* ListController.swift */,
				ACB5733827AEEAF900FCB998 /* ChangeList */,
			);
			path = List;
			sourceTree = "<group>";
		};
		ACB5733827AEEAF900FCB998 /* ChangeList */ = {
			isa = PBXGroup;
			children = (
				ACB5732D27ABF63900FCB998 /* ChangeListViewController.swift */,
				ACB5733127AEE5F500FCB998 /* ChangeListController.swift */,
			);
			path = ChangeList;
			sourceTree = "<group>";
		};
/* End PBXGroup section */

/* Begin PBXNativeTarget section */
		AC1E88202782E90C00058206 /* DrinkAPP */ = {
			isa = PBXNativeTarget;
			buildConfigurationList = AC1E88352782E90D00058206 /* Build configuration list for PBXNativeTarget "DrinkAPP" */;
			buildPhases = (
				AC1E881D2782E90C00058206 /* Sources */,
				AC1E881E2782E90C00058206 /* Frameworks */,
				AC1E881F2782E90C00058206 /* Resources */,
			);
			buildRules = (
			);
			dependencies = (
			);
			name = DrinkAPP;
			productName = DrinkAPP;
			productReference = AC1E88212782E90C00058206 /* DrinkAPP.app */;
			productType = "com.apple.product-type.application";
		};
/* End PBXNativeTarget section */

/* Begin PBXProject section */
		AC1E88192782E90C00058206 /* Project object */ = {
			isa = PBXProject;
			attributes = {
				BuildIndependentTargetsInParallel = 1;
				LastSwiftUpdateCheck = 1320;
				LastUpgradeCheck = 1320;
				TargetAttributes = {
					AC1E88202782E90C00058206 = {
						CreatedOnToolsVersion = 13.2.1;
					};
				};
			};
			buildConfigurationList = AC1E881C2782E90C00058206 /* Build configuration list for PBXProject "DrinkAPP" */;
			compatibilityVersion = "Xcode 13.0";
			developmentRegion = en;
			hasScannedForEncodings = 0;
			knownRegions = (
				en,
				Base,
			);
			mainGroup = AC1E88182782E90C00058206;
			productRefGroup = AC1E88222782E90C00058206 /* Products */;
			projectDirPath = "";
			projectRoot = "";
			targets = (
				AC1E88202782E90C00058206 /* DrinkAPP */,
			);
		};
/* End PBXProject section */

/* Begin PBXResourcesBuildPhase section */
		AC1E881F2782E90C00058206 /* Resources */ = {
			isa = PBXResourcesBuildPhase;
			buildActionMask = 2147483647;
			files = (
				AC1E88312782E90D00058206 /* LaunchScreen.storyboard in Resources */,
				AC1E882E2782E90D00058206 /* Assets.xcassets in Resources */,
				AC1E882C2782E90C00058206 /* Main.storyboard in Resources */,
			);
			runOnlyForDeploymentPostprocessing = 0;
		};
/* End PBXResourcesBuildPhase section */

/* Begin PBXSourcesBuildPhase section */
		AC1E881D2782E90C00058206 /* Sources */ = {
			isa = PBXSourcesBuildPhase;
			buildActionMask = 2147483647;
			files = (
				AC1E88252782E90C00058206 /* AppDelegate.swift in Sources */,
				AC1E884327848E9800058206 /* OptionsViewController.swift in Sources */,
				AC1E88472788AFF800058206 /* ListResponsesModels.swift in Sources */,
				AC1E884E2789FE5C00058206 /* ListTableViewController.swift in Sources */,
				ACB5732E27ABF63900FCB998 /* ChangeListViewController.swift in Sources */,
				AC1E88452788A90700058206 /* ListController.swift in Sources */,
				AC1E88272782E90C00058206 /* SceneDelegate.swift in Sources */,
				ACB5733627AEE81F00FCB998 /* OptionsController.swift in Sources */,
				ACB5732A27A90E1600FCB998 /* MenuViewController.swift in Sources */,
				AC1E883B2783040600058206 /* MenuTableViewCell.swift in Sources */,
				ACB5733A27B2950400FCB998 /* SweetTableViewCell.swift in Sources */,
				ACB5732627A1BE8F00FCB998 /* ListViewController.swift in Sources */,
				ACB5733227AEE5F500FCB998 /* ChangeListController.swift in Sources */,
				ACB5733427AEE7F000FCB998 /* OptionsResultModels.swift in Sources */,
				AC1E884127848E7D00058206 /* OptionsTableViewCell.swift in Sources */,
				AC1E883F27830F9100058206 /* MenuController.swift in Sources */,
				AC1E8850278AC57100058206 /* ListTableViewCell.swift in Sources */,
				AC1E883D27830CC200058206 /* MenuResponseModels.swift in Sources */,
			);
			runOnlyForDeploymentPostprocessing = 0;
		};
/* End PBXSourcesBuildPhase section */

/* Begin PBXVariantGroup section */
		AC1E882A2782E90C00058206 /* Main.storyboard */ = {
			isa = PBXVariantGroup;
			children = (
				AC1E882B2782E90C00058206 /* Base */,
			);
			name = Main.storyboard;
			sourceTree = "<group>";
		};
		AC1E882F2782E90D00058206 /* LaunchScreen.storyboard */ = {
			isa = PBXVariantGroup;
			children = (
				AC1E88302782E90D00058206 /* Base */,
			);
			name = LaunchScreen.storyboard;
			sourceTree = "<group>";
		};
/* End PBXVariantGroup section */

/* Begin XCBuildConfiguration section */
		AC1E88332782E90D00058206 /* Debug */ = {
			isa = XCBuildConfiguration;
			buildSettings = {
				ALWAYS_SEARCH_USER_PATHS = NO;
				CLANG_ANALYZER_NONNULL = YES;
				CLANG_ANALYZER_NUMBER_OBJECT_CONVERSION = YES_AGGRESSIVE;
				CLANG_CXX_LANGUAGE_STANDARD = "gnu++17";
				CLANG_CXX_LIBRARY = "libc++";
				CLANG_ENABLE_MODULES = YES;
				CLANG_ENABLE_OBJC_ARC = YES;
				CLANG_ENABLE_OBJC_WEAK = YES;
				CLANG_WARN_BLOCK_CAPTURE_AUTORELEASING = YES;
				CLANG_WARN_BOOL_CONVERSION = YES;
				CLANG_WARN_COMMA = YES;
				CLANG_WARN_CONSTANT_CONVERSION = YES;
				CLANG_WARN_DEPRECATED_OBJC_IMPLEMENTATIONS = YES;
				CLANG_WARN_DIRECT_OBJC_ISA_USAGE = YES_ERROR;
				CLANG_WARN_DOCUMENTATION_COMMENTS = YES;
				CLANG_WARN_EMPTY_BODY = YES;
				CLANG_WARN_ENUM_CONVERSION = YES;
				CLANG_WARN_INFINITE_RECURSION = YES;
				CLANG_WARN_INT_CONVERSION = YES;
				CLANG_WARN_NON_LITERAL_NULL_CONVERSION = YES;
				CLANG_WARN_OBJC_IMPLICIT_RETAIN_SELF = YES;
				CLANG_WARN_OBJC_LITERAL_CONVERSION = YES;
				CLANG_WARN_OBJC_ROOT_CLASS = YES_ERROR;
				CLANG_WARN_QUOTED_INCLUDE_IN_FRAMEWORK_HEADER = YES;
				CLANG_WARN_RANGE_LOOP_ANALYSIS = YES;
				CLANG_WARN_STRICT_PROTOTYPES = YES;
				CLANG_WARN_SUSPICIOUS_MOVE = YES;
				CLANG_WARN_UNGUARDED_AVAILABILITY = YES_AGGRESSIVE;
				CLANG_WARN_UNREACHABLE_CODE = YES;
				CLANG_WARN__DUPLICATE_METHOD_MATCH = YES;
				COPY_PHASE_STRIP = NO;
				DEBUG_INFORMATION_FORMAT = dwarf;
				ENABLE_STRICT_OBJC_MSGSEND = YES;
				ENABLE_TESTABILITY = YES;
				GCC_C_LANGUAGE_STANDARD = gnu11;
				GCC_DYNAMIC_NO_PIC = NO;
				GCC_NO_COMMON_BLOCKS = YES;
				GCC_OPTIMIZATION_LEVEL = 0;
				GCC_PREPROCESSOR_DEFINITIONS = (
					"DEBUG=1",
					"$(inherited)",
				);
				GCC_WARN_64_TO_32_BIT_CONVERSION = YES;
				GCC_WARN_ABOUT_RETURN_TYPE = YES_ERROR;
				GCC_WARN_UNDECLARED_SELECTOR = YES;
				GCC_WARN_UNINITIALIZED_AUTOS = YES_AGGRESSIVE;
				GCC_WARN_UNUSED_FUNCTION = YES;
				GCC_WARN_UNUSED_VARIABLE = YES;
				IPHONEOS_DEPLOYMENT_TARGET = 15.2;
				MTL_ENABLE_DEBUG_INFO = INCLUDE_SOURCE;
				MTL_FAST_MATH = YES;
				ONLY_ACTIVE_ARCH = YES;
				SDKROOT = iphoneos;
				SWIFT_ACTIVE_COMPILATION_CONDITIONS = DEBUG;
				SWIFT_OPTIMIZATION_LEVEL = "-Onone";
			};
			name = Debug;
		};
		AC1E88342782E90D00058206 /* Release */ = {
			isa = XCBuildConfiguration;
			buildSettings = {
				ALWAYS_SEARCH_USER_PATHS = NO;
				CLANG_ANALYZER_NONNULL = YES;
				CLANG_ANALYZER_NUMBER_OBJECT_CONVERSION = YES_AGGRESSIVE;
				CLANG_CXX_LANGUAGE_STANDARD = "gnu++17";
				CLANG_CXX_LIBRARY = "libc++";
				CLANG_ENABLE_MODULES = YES;
				CLANG_ENABLE_OBJC_ARC = YES;
				CLANG_ENABLE_OBJC_WEAK = YES;
				CLANG_WARN_BLOCK_CAPTURE_AUTORELEASING = YES;
				CLANG_WARN_BOOL_CONVERSION = YES;
				CLANG_WARN_COMMA = YES;
				CLANG_WARN_CONSTANT_CONVERSION = YES;
				CLANG_WARN_DEPRECATED_OBJC_IMPLEMENTATIONS = YES;
				CLANG_WARN_DIRECT_OBJC_ISA_USAGE = YES_ERROR;
				CLANG_WARN_DOCUMENTATION_COMMENTS = YES;
				CLANG_WARN_EMPTY_BODY = YES;
				CLANG_WARN_ENUM_CONVERSION = YES;
				CLANG_WARN_INFINITE_RECURSION = YES;
				CLANG_WARN_INT_CONVERSION = YES;
				CLANG_WARN_NON_LITERAL_NULL_CONVERSION = YES;
				CLANG_WARN_OBJC_IMPLICIT_RETAIN_SELF = YES;
				CLANG_WARN_OBJC_LITERAL_CONVERSION = YES;
				CLANG_WARN_OBJC_ROOT_CLASS = YES_ERROR;
				CLANG_WARN_QUOTED_INCLUDE_IN_FRAMEWORK_HEADER = YES;
				CLANG_WARN_RANGE_LOOP_ANALYSIS = YES;
				CLANG_WARN_STRICT_PROTOTYPES = YES;
				CLANG_WARN_SUSPICIOUS_MOVE = YES;
				CLANG_WARN_UNGUARDED_AVAILABILITY = YES_AGGRESSIVE;
				CLANG_WARN_UNREACHABLE_CODE = YES;
				CLANG_WARN__DUPLICATE_METHOD_MATCH = YES;
				COPY_PHASE_STRIP = NO;
				DEBUG_INFORMATION_FORMAT = "dwarf-with-dsym";
				ENABLE_NS_ASSERTIONS = NO;
				ENABLE_STRICT_OBJC_MSGSEND = YES;
				GCC_C_LANGUAGE_STANDARD = gnu11;
				GCC_NO_COMMON_BLOCKS = YES;
				GCC_WARN_64_TO_32_BIT_CONVERSION = YES;
				GCC_WARN_ABOUT_RETURN_TYPE = YES_ERROR;
				GCC_WARN_UNDECLARED_SELECTOR = YES;
				GCC_WARN_UNINITIALIZED_AUTOS = YES_AGGRESSIVE;
				GCC_WARN_UNUSED_FUNCTION = YES;
				GCC_WARN_UNUSED_VARIABLE = YES;
				IPHONEOS_DEPLOYMENT_TARGET = 15.2;
				MTL_ENABLE_DEBUG_INFO = NO;
				MTL_FAST_MATH = YES;
				SDKROOT = iphoneos;
				SWIFT_COMPILATION_MODE = wholemodule;
				SWIFT_OPTIMIZATION_LEVEL = "-O";
				VALIDATE_PRODUCT = YES;
			};
			name = Release;
		};
		AC1E88362782E90D00058206 /* Debug */ = {
			isa = XCBuildConfiguration;
			buildSettings = {
				ASSETCATALOG_COMPILER_APPICON_NAME = AppIcon;
				ASSETCATALOG_COMPILER_GLOBAL_ACCENT_COLOR_NAME = AccentColor;
				CODE_SIGN_STYLE = Automatic;
				CURRENT_PROJECT_VERSION = 1;
				GENERATE_INFOPLIST_FILE = YES;
				INFOPLIST_FILE = DrinkAPP/Info.plist;
				INFOPLIST_KEY_UIApplicationSupportsIndirectInputEvents = YES;
				INFOPLIST_KEY_UILaunchStoryboardName = LaunchScreen;
				INFOPLIST_KEY_UIMainStoryboardFile = Main;
				INFOPLIST_KEY_UISupportedInterfaceOrientations_iPad = "UIInterfaceOrientationPortrait UIInterfaceOrientationPortraitUpsideDown UIInterfaceOrientationLandscapeLeft UIInterfaceOrientationLandscapeRight";
				INFOPLIST_KEY_UISupportedInterfaceOrientations_iPhone = "UIInterfaceOrientationPortrait UIInterfaceOrientationLandscapeLeft UIInterfaceOrientationLandscapeRight";
				LD_RUNPATH_SEARCH_PATHS = (
					"$(inherited)",
					"@executable_path/Frameworks",
				);
				MARKETING_VERSION = 1.0;
				PRODUCT_BUNDLE_IDENTIFIER = yongshun.DrinkAPP;
				PRODUCT_NAME = "$(TARGET_NAME)";
				SWIFT_EMIT_LOC_STRINGS = YES;
				SWIFT_VERSION = 5.0;
				TARGETED_DEVICE_FAMILY = "1,2";
			};
			name = Debug;
		};
		AC1E88372782E90D00058206 /* Release */ = {
			isa = XCBuildConfiguration;
			buildSettings = {
				ASSETCATALOG_COMPILER_APPICON_NAME = AppIcon;
				ASSETCATALOG_COMPILER_GLOBAL_ACCENT_COLOR_NAME = AccentColor;
				CODE_SIGN_STYLE = Automatic;
				CURRENT_PROJECT_VERSION = 1;
				GENERATE_INFOPLIST_FILE = YES;
				INFOPLIST_FILE = DrinkAPP/Info.plist;
				INFOPLIST_KEY_UIApplicationSupportsIndirectInputEvents = YES;
				INFOPLIST_KEY_UILaunchStoryboardName = LaunchScreen;
				INFOPLIST_KEY_UIMainStoryboardFile = Main;
				INFOPLIST_KEY_UISupportedInterfaceOrientations_iPad = "UIInterfaceOrientationPortrait UIInterfaceOrientationPortraitUpsideDown UIInterfaceOrientationLandscapeLeft UIInterfaceOrientationLandscapeRight";
				INFOPLIST_KEY_UISupportedInterfaceOrientations_iPhone = "UIInterfaceOrientationPortrait UIInterfaceOrientationLandscapeLeft UIInterfaceOrientationLandscapeRight";
				LD_RUNPATH_SEARCH_PATHS = (
					"$(inherited)",
					"@executable_path/Frameworks",
				);
				MARKETING_VERSION = 1.0;
				PRODUCT_BUNDLE_IDENTIFIER = yongshun.DrinkAPP;
				PRODUCT_NAME = "$(TARGET_NAME)";
				SWIFT_EMIT_LOC_STRINGS = YES;
				SWIFT_VERSION = 5.0;
				TARGETED_DEVICE_FAMILY = "1,2";
			};
			name = Release;
		};
/* End XCBuildConfiguration section */

/* Begin XCConfigurationList section */
		AC1E881C2782E90C00058206 /* Build configuration list for PBXProject "DrinkAPP" */ = {
			isa = XCConfigurationList;
			buildConfigurations = (
				AC1E88332782E90D00058206 /* Debug */,
				AC1E88342782E90D00058206 /* Release */,
			);
			defaultConfigurationIsVisible = 0;
			defaultConfigurationName = Release;
		};
		AC1E88352782E90D00058206 /* Build configuration list for PBXNativeTarget "DrinkAPP" */ = {
			isa = XCConfigurationList;
			buildConfigurations = (
				AC1E88362782E90D00058206 /* Debug */,
				AC1E88372782E90D00058206 /* Release */,
			);
			defaultConfigurationIsVisible = 0;
			defaultConfigurationName = Release;
		};
/* End XCConfigurationList section */
	};
	rootObject = AC1E88192782E90C00058206 /* Project object */;
}
